
Microsoft Visual Studio Solution File, Format Version 12.00
# Visual Studio Version 17
VisualStudioVersion = 17.14.36202.13
MinimumVisualStudioVersion = 10.0.40219.1
Project("{FAE04EC0-301F-11D3-BF4B-00C04F79EFBC}") = "Interop.Windows.Constants", "Interop.Windows.Constants\Interop.Windows.Constants.csproj", "{DCE0B3A2-E59F-45A7-8B4F-A970200A27EE}"
EndProject
Global
	GlobalSection(SolutionConfigurationPlatforms) = preSolution
		Debug|Any CPU = Debug|Any CPU
		Release|Any CPU = Release|Any CPU
	EndGlobalSection
	GlobalSection(ProjectConfigurationPlatforms) = postSolution
		{DCE0B3A2-E59F-45A7-8B4F-A970200A27EE}.Debug|Any CPU.ActiveCfg = Debug|Any CPU
		{DCE0B3A2-E59F-45A7-8B4F-A970200A27EE}.Debug|Any CPU.Build.0 = Debug|Any CPU
		{DCE0B3A2-E59F-45A7-8B4F-A970200A27EE}.Release|Any CPU.ActiveCfg = Release|Any CPU
		{DCE0B3A2-E59F-45A7-8B4F-A970200A27EE}.Release|Any CPU.Build.0 = Release|Any CPU
	EndGlobalSection
	GlobalSection(SolutionProperties) = preSolution
		HideSolutionNode = FALSE
	EndGlobalSection
	GlobalSection(ExtensibilityGlobals) = postSolution
		SolutionGuid = {9F2CCF26-883C-4AFE-9FE7-57F202A8F2A4}
	EndGlobalSection
EndGlobal
